
Microsoft Visual Studio Solution File, Format Version 12.00
# Visual Studio Version 16
VisualStudioVersion = 16.0.30002.166
MinimumVisualStudioVersion = 10.0.40219.1
Project("{9A19103F-16F7-4668-BE54-9A1E7A4F7556}") = "DataLayer", "DataLayer\DataLayer.csproj", "{C12B0737-FAF3-40B8-B811-3606795AF81E}"
EndProject
Project("{9A19103F-16F7-4668-BE54-9A1E7A4F7556}") = "DataAccessLayer", "DataAccessLayer\DataAccessLayer.csproj", "{EADB8483-03C1-4BD6-B01A-FACFD9AB28CE}"
EndProject
Project("{9A19103F-16F7-4668-BE54-9A1E7A4F7556}") = "BusinessLayer", "BusinessLayer\BusinessLayer.csproj", "{D475FFE3-5FA1-4DB8-9764-E3C5C4C6560F}"
EndProject
Project("{9A19103F-16F7-4668-BE54-9A1E7A4F7556}") = "WebApi", "WebApi\WebApi.csproj", "{E199BA23-A771-4073-B575-B442CF16E632}"
EndProject
Project("{9A19103F-16F7-4668-BE54-9A1E7A4F7556}") = "App", "App\App.csproj", "{ADAE9B17-4E59-40C0-AE48-1EEC12CA7F49}"
EndProject
Project("{FAE04EC0-301F-11D3-BF4B-00C04F79EFBC}") = "JadeTests", "JadeTests\JadeTests.csproj", "{98A73139-9565-49FA-8C31-A066872F724B}"
EndProject
Global
	GlobalSection(SolutionConfigurationPlatforms) = preSolution
		Debug|Any CPU = Debug|Any CPU
		Release|Any CPU = Release|Any CPU
	EndGlobalSection
	GlobalSection(ProjectConfigurationPlatforms) = postSolution
		{C12B0737-FAF3-40B8-B811-3606795AF81E}.Debug|Any CPU.ActiveCfg = Debug|Any CPU
		{C12B0737-FAF3-40B8-B811-3606795AF81E}.Debug|Any CPU.Build.0 = Debug|Any CPU
		{C12B0737-FAF3-40B8-B811-3606795AF81E}.Release|Any CPU.ActiveCfg = Release|Any CPU
		{C12B0737-FAF3-40B8-B811-3606795AF81E}.Release|Any CPU.Build.0 = Release|Any CPU
		{EADB8483-03C1-4BD6-B01A-FACFD9AB28CE}.Debug|Any CPU.ActiveCfg = Debug|Any CPU
		{EADB8483-03C1-4BD6-B01A-FACFD9AB28CE}.Debug|Any CPU.Build.0 = Debug|Any CPU
		{EADB8483-03C1-4BD6-B01A-FACFD9AB28CE}.Release|Any CPU.ActiveCfg = Release|Any CPU
		{EADB8483-03C1-4BD6-B01A-FACFD9AB28CE}.Release|Any CPU.Build.0 = Release|Any CPU
		{D475FFE3-5FA1-4DB8-9764-E3C5C4C6560F}.Debug|Any CPU.ActiveCfg = Debug|Any CPU
		{D475FFE3-5FA1-4DB8-9764-E3C5C4C6560F}.Debug|Any CPU.Build.0 = Debug|Any CPU
		{D475FFE3-5FA1-4DB8-9764-E3C5C4C6560F}.Release|Any CPU.ActiveCfg = Release|Any CPU
		{D475FFE3-5FA1-4DB8-9764-E3C5C4C6560F}.Release|Any CPU.Build.0 = Release|Any CPU
		{E199BA23-A771-4073-B575-B442CF16E632}.Debug|Any CPU.ActiveCfg = Debug|Any CPU
		{E199BA23-A771-4073-B575-B442CF16E632}.Debug|Any CPU.Build.0 = Debug|Any CPU
		{E199BA23-A771-4073-B575-B442CF16E632}.Release|Any CPU.ActiveCfg = Release|Any CPU
		{E199BA23-A771-4073-B575-B442CF16E632}.Release|Any CPU.Build.0 = Release|Any CPU
		{ADAE9B17-4E59-40C0-AE48-1EEC12CA7F49}.Debug|Any CPU.ActiveCfg = Debug|Any CPU
		{ADAE9B17-4E59-40C0-AE48-1EEC12CA7F49}.Debug|Any CPU.Build.0 = Debug|Any CPU
		{ADAE9B17-4E59-40C0-AE48-1EEC12CA7F49}.Release|Any CPU.ActiveCfg = Release|Any CPU
		{ADAE9B17-4E59-40C0-AE48-1EEC12CA7F49}.Release|Any CPU.Build.0 = Release|Any CPU
		{98A73139-9565-49FA-8C31-A066872F724B}.Debug|Any CPU.ActiveCfg = Debug|Any CPU
		{98A73139-9565-49FA-8C31-A066872F724B}.Debug|Any CPU.Build.0 = Debug|Any CPU
		{98A73139-9565-49FA-8C31-A066872F724B}.Release|Any CPU.ActiveCfg = Release|Any CPU
		{98A73139-9565-49FA-8C31-A066872F724B}.Release|Any CPU.Build.0 = Release|Any CPU
	EndGlobalSection
	GlobalSection(SolutionProperties) = preSolution
		HideSolutionNode = FALSE
	EndGlobalSection
	GlobalSection(ExtensibilityGlobals) = postSolution
		SolutionGuid = {55C4A48A-0B70-4807-A63A-1269A86F80F1}
	EndGlobalSection
EndGlobal
